
Microsoft Visual Studio Solution File, Format Version 12.00
# Visual Studio Version 16
VisualStudioVersion = 16.0.32602.291
MinimumVisualStudioVersion = 10.0.40219.1
Project("{FAE04EC0-301F-11D3-BF4B-00C04F79EFBC}") = "RefrigeratorEx", "RefrigeratorEx.csproj", "{BB88CCE7-A120-44B2-AAC1-5CAA02046889}"
EndProject
Global
	GlobalSection(SolutionConfigurationPlatforms) = preSolution
		Debug|Any CPU = Debug|Any CPU
		Release|Any CPU = Release|Any CPU
	EndGlobalSection
	GlobalSection(ProjectConfigurationPlatforms) = postSolution
		{BB88CCE7-A120-44B2-AAC1-5CAA02046889}.Debug|Any CPU.ActiveCfg = Debug|Any CPU
		{BB88CCE7-A120-44B2-AAC1-5CAA02046889}.Debug|Any CPU.Build.0 = Debug|Any CPU
		{BB88CCE7-A120-44B2-AAC1-5CAA02046889}.Release|Any CPU.ActiveCfg = Release|Any CPU
		{BB88CCE7-A120-44B2-AAC1-5CAA02046889}.Release|Any CPU.Build.0 = Release|Any CPU
	EndGlobalSection
	GlobalSection(SolutionProperties) = preSolution
		HideSolutionNode = FALSE
	EndGlobalSection
	GlobalSection(ExtensibilityGlobals) = postSolution
		SolutionGuid = {4DFF31FA-EFDB-4F1C-A4FC-3FF6E747274B}
	EndGlobalSection
EndGlobal
